
Microsoft Visual Studio Solution File, Format Version 12.00
# Visual Studio Version 17
VisualStudioVersion = 17.0.31903.59
MinimumVisualStudioVersion = 10.0.40219.1
Project("{FAE04EC0-301F-11D3-BF4B-00C04F79EFBC}") = "ContarSecretos.API", "ContarSecretos.API\ContarSecretos.API.csproj", "{D914228F-335E-44F2-80A9-9A744B5B903D}"
EndProject
Project("{FAE04EC0-301F-11D3-BF4B-00C04F79EFBC}") = "ContarSecretos.Business", "ContarSecretos.Business\ContarSecretos.Business.csproj", "{272D3F89-0F89-4E88-82F2-3B468CF28667}"
EndProject
Project("{FAE04EC0-301F-11D3-BF4B-00C04F79EFBC}") = "ContarSecretos.Data", "ContarSecretos.Data\ContarSecretos.Data.csproj", "{1FA5ECC5-F1CB-45DC-968D-335445121318}"
EndProject
Global
	GlobalSection(SolutionConfigurationPlatforms) = preSolution
		Debug|Any CPU = Debug|Any CPU
		Release|Any CPU = Release|Any CPU
	EndGlobalSection
	GlobalSection(SolutionProperties) = preSolution
		HideSolutionNode = FALSE
	EndGlobalSection
	GlobalSection(ProjectConfigurationPlatforms) = postSolution
		{D914228F-335E-44F2-80A9-9A744B5B903D}.Debug|Any CPU.ActiveCfg = Debug|Any CPU
		{D914228F-335E-44F2-80A9-9A744B5B903D}.Debug|Any CPU.Build.0 = Debug|Any CPU
		{D914228F-335E-44F2-80A9-9A744B5B903D}.Release|Any CPU.ActiveCfg = Release|Any CPU
		{D914228F-335E-44F2-80A9-9A744B5B903D}.Release|Any CPU.Build.0 = Release|Any CPU
		{272D3F89-0F89-4E88-82F2-3B468CF28667}.Debug|Any CPU.ActiveCfg = Debug|Any CPU
		{272D3F89-0F89-4E88-82F2-3B468CF28667}.Debug|Any CPU.Build.0 = Debug|Any CPU
		{272D3F89-0F89-4E88-82F2-3B468CF28667}.Release|Any CPU.ActiveCfg = Release|Any CPU
		{272D3F89-0F89-4E88-82F2-3B468CF28667}.Release|Any CPU.Build.0 = Release|Any CPU
		{1FA5ECC5-F1CB-45DC-968D-335445121318}.Debug|Any CPU.ActiveCfg = Debug|Any CPU
		{1FA5ECC5-F1CB-45DC-968D-335445121318}.Debug|Any CPU.Build.0 = Debug|Any CPU
		{1FA5ECC5-F1CB-45DC-968D-335445121318}.Release|Any CPU.ActiveCfg = Release|Any CPU
		{1FA5ECC5-F1CB-45DC-968D-335445121318}.Release|Any CPU.Build.0 = Release|Any CPU
	EndGlobalSection
EndGlobal
